{
  "name": "magick.wasm",
  "version": "1.0.0",
  "lockfileVersion": 1,
  "requires": true,
  "dependencies": {
    "magick.native": {
      "version": "file:src/Magick.Native/magick.native-1.0.0.tgz",
      "integrity": "sha512-9VWYhYI0pQu6aSmkLTl5R2pKyhe5EwhVfER7LAEdz+75yzRH79tgi11DD5M13G8Dk2L5Up9Q4o9qU+PqiZJ88A=="
    },
    "typescript": {
      "version": "3.6.2",
      "resolved": "https://registry.npmjs.org/typescript/-/typescript-3.6.2.tgz",
      "integrity": "sha512-lmQ4L+J6mnu3xweP8+rOrUwzmN+MRAj7TgtJtDaXE5PMyX2kCrklhg3rvOsOIfNeAWMQWO2F1GPc1kMD2vLAfw==",
      "dev": true
    }
  }
}
